// !$*UTF8*$!
{
	archiveVersion = 1;
	classes = {
	};
	objectVersion = 77;
	objects = {

/* Begin PBXContainerItemProxy section */
		0017CB3E2CA6F8DB00E0522F /* PBXContainerItemProxy */ = {
			isa = PBXContainerItemProxy;
			containerPortal = 0017CB212CA6F8D900E0522F /* Project object */;
			proxyType = 1;
			remoteGlobalIDString = 0017CB282CA6F8D900E0522F;
			remoteInfo = APlus;
		};
		0017CB482CA6F8DB00E0522F /* PBXContainerItemProxy */ = {
			isa = PBXContainerItemProxy;
			containerPortal = 0017CB212CA6F8D900E0522F /* Project object */;
			proxyType = 1;
			remoteGlobalIDString = 0017CB282CA6F8D900E0522F;
			remoteInfo = APlus;
		};
/* End PBXContainerItemProxy section */

/* Begin PBXFileReference section */
		0017CB292CA6F8D900E0522F /* APlus.app */ = {isa = PBXFileReference; explicitFileType = wrapper.application; includeInIndex = 0; path = APlus.app; sourceTree = BUILT_PRODUCTS_DIR; };
		0017CB3D2CA6F8DB00E0522F /* APlusTests.xctest */ = {isa = PBXFileReference; explicitFileType = wrapper.cfbundle; includeInIndex = 0; path = APlusTests.xctest; sourceTree = BUILT_PRODUCTS_DIR; };
		0017CB472CA6F8DB00E0522F /* APlusUITests.xctest */ = {isa = PBXFileReference; explicitFileType = wrapper.cfbundle; includeInIndex = 0; path = APlusUITests.xctest; sourceTree = BUILT_PRODUCTS_DIR; };
/* End PBXFileReference section */

/* Begin PBXFileSystemSynchronizedBuildFileExceptionSet section */
		0017CB4F2CA6F8DB00E0522F /* Exceptions for "APlus" folder in "APlus" target */ = {
			isa = PBXFileSystemSynchronizedBuildFileExceptionSet;
			membershipExceptions = (
				Info.plist,
			);
			target = 0017CB282CA6F8D900E0522F /* APlus */;
		};
/* End PBXFileSystemSynchronizedBuildFileExceptionSet section */

/* Begin PBXFileSystemSynchronizedRootGroup section */
		0017CB2B2CA6F8D900E0522F /* APlus */ = {
			isa = PBXFileSystemSynchronizedRootGroup;
			exceptions = (
				0017CB4F2CA6F8DB00E0522F /* Exceptions for "APlus" folder in "APlus" target */,
			);
			path = APlus;
			sourceTree = "<group>";
		};
		0017CB402CA6F8DB00E0522F /* APlusTests */ = {
			isa = PBXFileSystemSynchronizedRootGroup;
			path = APlusTests;
			sourceTree = "<group>";
		};
		0017CB4A2CA6F8DB00E0522F /* APlusUITests */ = {
			isa = PBXFileSystemSynchronizedRootGroup;
			path = APlusUITests;
			sourceTree = "<group>";
		};
/* End PBXFileSystemSynchronizedRootGroup section */

/* Begin PBXFrameworksBuildPhase section */
		0017CB262CA6F8D900E0522F /* Frameworks */ = {
			isa = PBXFrameworksBuildPhase;
			buildActionMask = 2147483647;
			files = (
			);
			runOnlyForDeploymentPostprocessing = 0;
		};
		0017CB3A2CA6F8DB00E0522F /* Frameworks */ = {
			isa = PBXFrameworksBuildPhase;
			buildActionMask = 2147483647;
			files = (
			);
			runOnlyForDeploymentPostprocessing = 0;
		};
		0017CB442CA6F8DB00E0522F /* Frameworks */ = {
			isa = PBXFrameworksBuildPhase;
			buildActionMask = 2147483647;
			files = (
			);
			runOnlyForDeploymentPostprocessing = 0;
		};
/* End PBXFrameworksBuildPhase section */

/* Begin PBXGroup section */
		0017CB202CA6F8D900E0522F = {
			isa = PBXGroup;
			children = (
				0017CB2B2CA6F8D900E0522F /* APlus */,
				0017CB402CA6F8DB00E0522F /* APlusTests */,
				0017CB4A2CA6F8DB00E0522F /* APlusUITests */,
				0017CB2A2CA6F8D900E0522F /* Products */,
			);
			sourceTree = "<group>";
		};
		0017CB2A2CA6F8D900E0522F /* Products */ = {
			isa = PBXGroup;
			children = (
				0017CB292CA6F8D900E0522F /* APlus.app */,
				0017CB3D2CA6F8DB00E0522F /* APlusTests.xctest */,
				0017CB472CA6F8DB00E0522F /* APlusUITests.xctest */,
			);
			name = Products;
			sourceTree = "<group>";
		};
/* End PBXGroup section */

/* Begin PBXNativeTarget section */
		0017CB282CA6F8D900E0522F /* APlus */ = {
			isa = PBXNativeTarget;
			buildConfigurationList = 0017CB502CA6F8DB00E0522F /* Build configuration list for PBXNativeTarget "APlus" */;
			buildPhases = (
				0017CB252CA6F8D900E0522F /* Sources */,
				0017CB262CA6F8D900E0522F /* Frameworks */,
				0017CB272CA6F8D900E0522F /* Resources */,
			);
			buildRules = (
			);
			dependencies = (
			);
			fileSystemSynchronizedGroups = (
				0017CB2B2CA6F8D900E0522F /* APlus */,
			);
			name = APlus;
			packageProductDependencies = (
			);
			productName = APlus;
			productReference = 0017CB292CA6F8D900E0522F /* APlus.app */;
			productType = "com.apple.product-type.application";
		};
		0017CB3C2CA6F8DB00E0522F /* APlusTests */ = {
			isa = PBXNativeTarget;
			buildConfigurationList = 0017CB552CA6F8DB00E0522F /* Build configuration list for PBXNativeTarget "APlusTests" */;
			buildPhases = (
				0017CB392CA6F8DB00E0522F /* Sources */,
				0017CB3A2CA6F8DB00E0522F /* Frameworks */,
				0017CB3B2CA6F8DB00E0522F /* Resources */,
			);
			buildRules = (
			);
			dependencies = (
				0017CB3F2CA6F8DB00E0522F /* PBXTargetDependency */,
			);
			fileSystemSynchronizedGroups = (
				0017CB402CA6F8DB00E0522F /* APlusTests */,
			);
			name = APlusTests;
			packageProductDependencies = (
			);
			productName = APlusTests;
			productReference = 0017CB3D2CA6F8DB00E0522F /* APlusTests.xctest */;
			productType = "com.apple.product-type.bundle.unit-test";
		};
		0017CB462CA6F8DB00E0522F /* APlusUITests */ = {
			isa = PBXNativeTarget;
			buildConfigurationList = 0017CB582CA6F8DB00E0522F /* Build configuration list for PBXNativeTarget "APlusUITests" */;
			buildPhases = (
				0017CB432CA6F8DB00E0522F /* Sources */,
				0017CB442CA6F8DB00E0522F /* Frameworks */,
				0017CB452CA6F8DB00E0522F /* Resources */,
			);
			buildRules = (
			);
			dependencies = (
				0017CB492CA6F8DB00E0522F /* PBXTargetDependency */,
			);
			fileSystemSynchronizedGroups = (
				0017CB4A2CA6F8DB00E0522F /* APlusUITests */,
			);
			name = APlusUITests;
			packageProductDependencies = (
			);
			productName = APlusUITests;
			productReference = 0017CB472CA6F8DB00E0522F /* APlusUITests.xctest */;
			productType = "com.apple.product-type.bundle.ui-testing";
		};
/* End PBXNativeTarget section */

/* Begin PBXProject section */
		0017CB212CA6F8D900E0522F /* Project object */ = {
			isa = PBXProject;
			attributes = {
				BuildIndependentTargetsInParallel = 1;
				LastSwiftUpdateCheck = 1600;
				LastUpgradeCheck = 1600;
				TargetAttributes = {
					0017CB282CA6F8D900E0522F = {
						CreatedOnToolsVersion = 16.0;
					};
					0017CB3C2CA6F8DB00E0522F = {
						CreatedOnToolsVersion = 16.0;
						TestTargetID = 0017CB282CA6F8D900E0522F;
					};
					0017CB462CA6F8DB00E0522F = {
						CreatedOnToolsVersion = 16.0;
						TestTargetID = 0017CB282CA6F8D900E0522F;
					};
				};
			};
			buildConfigurationList = 0017CB242CA6F8D900E0522F /* Build configuration list for PBXProject "APlus" */;
			developmentRegion = en;
			hasScannedForEncodings = 0;
			knownRegions = (
				en,
				Base,
			);
			mainGroup = 0017CB202CA6F8D900E0522F;
			minimizedProjectReferenceProxies = 1;
			preferredProjectObjectVersion = 77;
			productRefGroup = 0017CB2A2CA6F8D900E0522F /* Products */;
			projectDirPath = "";
			projectRoot = "";
			targets = (
				0017CB282CA6F8D900E0522F /* APlus */,
				0017CB3C2CA6F8DB00E0522F /* APlusTests */,
				0017CB462CA6F8DB00E0522F /* APlusUITests */,
			);
		};
/* End PBXProject section */

/* Begin PBXResourcesBuildPhase section */
		0017CB272CA6F8D900E0522F /* Resources */ = {
			isa = PBXResourcesBuildPhase;
			buildActionMask = 2147483647;
			files = (
			);
			runOnlyForDeploymentPostprocessing = 0;
		};
		0017CB3B2CA6F8DB00E0522F /* Resources */ = {
			isa = PBXResourcesBuildPhase;
			buildActionMask = 2147483647;
			files = (
			);
			runOnlyForDeploymentPostprocessing = 0;
		};
		0017CB452CA6F8DB00E0522F /* Resources */ = {
			isa = PBXResourcesBuildPhase;
			buildActionMask = 2147483647;
			files = (
			);
			runOnlyForDeploymentPostprocessing = 0;
		};
/* End PBXResourcesBuildPhase section */

/* Begin PBXSourcesBuildPhase section */
		0017CB252CA6F8D900E0522F /* Sources */ = {
			isa = PBXSourcesBuildPhase;
			buildActionMask = 2147483647;
			files = (
			);
			runOnlyForDeploymentPostprocessing = 0;
		};
		0017CB392CA6F8DB00E0522F /* Sources */ = {
			isa = PBXSourcesBuildPhase;
			buildActionMask = 2147483647;
			files = (
			);
			runOnlyForDeploymentPostprocessing = 0;
		};
		0017CB432CA6F8DB00E0522F /* Sources */ = {
			isa = PBXSourcesBuildPhase;
			buildActionMask = 2147483647;
			files = (
			);
			runOnlyForDeploymentPostprocessing = 0;
		};
/* End PBXSourcesBuildPhase section */

/* Begin PBXTargetDependency section */
		0017CB3F2CA6F8DB00E0522F /* PBXTargetDependency */ = {
			isa = PBXTargetDependency;
			target = 0017CB282CA6F8D900E0522F /* APlus */;
			targetProxy = 0017CB3E2CA6F8DB00E0522F /* PBXContainerItemProxy */;
		};
		0017CB492CA6F8DB00E0522F /* PBXTargetDependency */ = {
			isa = PBXTargetDependency;
			target = 0017CB282CA6F8D900E0522F /* APlus */;
			targetProxy = 0017CB482CA6F8DB00E0522F /* PBXContainerItemProxy */;
		};
/* End PBXTargetDependency section */

/* Begin XCBuildConfiguration section */
		0017CB512CA6F8DB00E0522F /* Debug */ = {
			isa = XCBuildConfiguration;
			buildSettings = {
				ASSETCATALOG_COMPILER_APPICON_NAME = AppIcon;
				ASSETCATALOG_COMPILER_GLOBAL_ACCENT_COLOR_NAME = AccentColor;
				CODE_SIGN_ENTITLEMENTS = APlus/APlus.entitlements;
				CODE_SIGN_STYLE = Automatic;
				CURRENT_PROJECT_VERSION = 20240927;
				DEVELOPMENT_ASSET_PATHS = "\"APlus/Preview Content\"";
				DEVELOPMENT_TEAM = F9N98X7P4L;
				ENABLE_PREVIEWS = YES;
				GENERATE_INFOPLIST_FILE = YES;
				INFOPLIST_FILE = APlus/Info.plist;
				INFOPLIST_KEY_CFBundleDisplayName = "A+成绩";
				INFOPLIST_KEY_UIApplicationSceneManifest_Generation = YES;
				INFOPLIST_KEY_UIApplicationSupportsIndirectInputEvents = YES;
				INFOPLIST_KEY_UILaunchScreen_Generation = YES;
				INFOPLIST_KEY_UISupportedInterfaceOrientations_iPad = "UIInterfaceOrientationPortrait UIInterfaceOrientationPortraitUpsideDown UIInterfaceOrientationLandscapeLeft UIInterfaceOrientationLandscapeRight";
				INFOPLIST_KEY_UISupportedInterfaceOrientations_iPhone = "UIInterfaceOrientationPortrait UIInterfaceOrientationLandscapeLeft UIInterfaceOrientationLandscapeRight";
				IPHONEOS_DEPLOYMENT_TARGET = 17.6;
				LD_RUNPATH_SEARCH_PATHS = (
					"$(inherited)",
					"@executable_path/Frameworks",
				);
				MARKETING_VERSION = 1.0.0;
				PRODUCT_BUNDLE_IDENTIFIER = com.xiaobingkj.APlus;
				PRODUCT_NAME = "$(TARGET_NAME)";
				SWIFT_EMIT_LOC_STRINGS = YES;
				SWIFT_VERSION = 5.0;
				TARGETED_DEVICE_FAMILY = "1,2";
			};
			name = Debug;
		};
		0017CB522CA6F8DB00E0522F /* Release */ = {
			isa = XCBuildConfiguration;
			buildSettings = {
				ASSETCATALOG_COMPILER_APPICON_NAME = AppIcon;
				ASSETCATALOG_COMPILER_GLOBAL_ACCENT_COLOR_NAME = AccentColor;
				CODE_SIGN_ENTITLEMENTS = APlus/APlus.entitlements;
				CODE_SIGN_STYLE = Automatic;
				CURRENT_PROJECT_VERSION = 20240927;
				DEVELOPMENT_ASSET_PATHS = "\"APlus/Preview Content\"";
				DEVELOPMENT_TEAM = F9N98X7P4L;
				ENABLE_PREVIEWS = YES;
				GENERATE_INFOPLIST_FILE = YES;
				INFOPLIST_FILE = APlus/Info.plist;
				INFOPLIST_KEY_CFBundleDisplayName = "A+成绩";
				INFOPLIST_KEY_UIApplicationSceneManifest_Generation = YES;
				INFOPLIST_KEY_UIApplicationSupportsIndirectInputEvents = YES;
				INFOPLIST_KEY_UILaunchScreen_Generation = YES;
				INFOPLIST_KEY_UISupportedInterfaceOrientations_iPad = "UIInterfaceOrientationPortrait UIInterfaceOrientationPortraitUpsideDown UIInterfaceOrientationLandscapeLeft UIInterfaceOrientationLandscapeRight";
				INFOPLIST_KEY_UISupportedInterfaceOrientations_iPhone = "UIInterfaceOrientationPortrait UIInterfaceOrientationLandscapeLeft UIInterfaceOrientationLandscapeRight";
				IPHONEOS_DEPLOYMENT_TARGET = 17.6;
				LD_RUNPATH_SEARCH_PATHS = (
					"$(inherited)",
					"@executable_path/Frameworks",
				);
				MARKETING_VERSION = 1.0.0;
				PRODUCT_BUNDLE_IDENTIFIER = com.xiaobingkj.APlus;
				PRODUCT_NAME = "$(TARGET_NAME)";
				SWIFT_EMIT_LOC_STRINGS = YES;
				SWIFT_VERSION = 5.0;
				TARGETED_DEVICE_FAMILY = "1,2";
			};
			name = Release;
		};
		0017CB532CA6F8DB00E0522F /* Debug */ = {
			isa = XCBuildConfiguration;
			buildSettings = {
				ALWAYS_SEARCH_USER_PATHS = NO;
				ASSETCATALOG_COMPILER_GENERATE_SWIFT_ASSET_SYMBOL_EXTENSIONS = YES;
				CLANG_ANALYZER_NONNULL = YES;
				CLANG_ANALYZER_NUMBER_OBJECT_CONVERSION = YES_AGGRESSIVE;
				CLANG_CXX_LANGUAGE_STANDARD = "gnu++20";
				CLANG_ENABLE_MODULES = YES;
				CLANG_ENABLE_OBJC_ARC = YES;
				CLANG_ENABLE_OBJC_WEAK = YES;
				CLANG_WARN_BLOCK_CAPTURE_AUTORELEASING = YES;
				CLANG_WARN_BOOL_CONVERSION = YES;
				CLANG_WARN_COMMA = YES;
				CLANG_WARN_CONSTANT_CONVERSION = YES;
				CLANG_WARN_DEPRECATED_OBJC_IMPLEMENTATIONS = YES;
				CLANG_WARN_DIRECT_OBJC_ISA_USAGE = YES_ERROR;
				CLANG_WARN_DOCUMENTATION_COMMENTS = YES;
				CLANG_WARN_EMPTY_BODY = YES;
				CLANG_WARN_ENUM_CONVERSION = YES;
				CLANG_WARN_INFINITE_RECURSION = YES;
				CLANG_WARN_INT_CONVERSION = YES;
				CLANG_WARN_NON_LITERAL_NULL_CONVERSION = YES;
				CLANG_WARN_OBJC_IMPLICIT_RETAIN_SELF = YES;
				CLANG_WARN_OBJC_LITERAL_CONVERSION = YES;
				CLANG_WARN_OBJC_ROOT_CLASS = YES_ERROR;
				CLANG_WARN_QUOTED_INCLUDE_IN_FRAMEWORK_HEADER = YES;
				CLANG_WARN_RANGE_LOOP_ANALYSIS = YES;
				CLANG_WARN_STRICT_PROTOTYPES = YES;
				CLANG_WARN_SUSPICIOUS_MOVE = YES;
				CLANG_WARN_UNGUARDED_AVAILABILITY = YES_AGGRESSIVE;
				CLANG_WARN_UNREACHABLE_CODE = YES;
				CLANG_WARN__DUPLICATE_METHOD_MATCH = YES;
				COPY_PHASE_STRIP = NO;
				DEBUG_INFORMATION_FORMAT = dwarf;
				ENABLE_STRICT_OBJC_MSGSEND = YES;
				ENABLE_TESTABILITY = YES;
				ENABLE_USER_SCRIPT_SANDBOXING = YES;
				GCC_C_LANGUAGE_STANDARD = gnu17;
				GCC_DYNAMIC_NO_PIC = NO;
				GCC_NO_COMMON_BLOCKS = YES;
				GCC_OPTIMIZATION_LEVEL = 0;
				GCC_PREPROCESSOR_DEFINITIONS = (
					"DEBUG=1",
					"$(inherited)",
				);
				GCC_WARN_64_TO_32_BIT_CONVERSION = YES;
				GCC_WARN_ABOUT_RETURN_TYPE = YES_ERROR;
				GCC_WARN_UNDECLARED_SELECTOR = YES;
				GCC_WARN_UNINITIALIZED_AUTOS = YES_AGGRESSIVE;
				GCC_WARN_UNUSED_FUNCTION = YES;
				GCC_WARN_UNUSED_VARIABLE = YES;
				IPHONEOS_DEPLOYMENT_TARGET = 18.0;
				LOCALIZATION_PREFERS_STRING_CATALOGS = YES;
				MTL_ENABLE_DEBUG_INFO = INCLUDE_SOURCE;
				MTL_FAST_MATH = YES;
				ONLY_ACTIVE_ARCH = YES;
				SDKROOT = iphoneos;
				SWIFT_ACTIVE_COMPILATION_CONDITIONS = "DEBUG $(inherited)";
				SWIFT_OPTIMIZATION_LEVEL = "-Onone";
			};
			name = Debug;
		};
		0017CB542CA6F8DB00E0522F /* Release */ = {
			isa = XCBuildConfiguration;
			buildSettings = {
				ALWAYS_SEARCH_USER_PATHS = NO;
				ASSETCATALOG_COMPILER_GENERATE_SWIFT_ASSET_SYMBOL_EXTENSIONS = YES;
				CLANG_ANALYZER_NONNULL = YES;
				CLANG_ANALYZER_NUMBER_OBJECT_CONVERSION = YES_AGGRESSIVE;
				CLANG_CXX_LANGUAGE_STANDARD = "gnu++20";
				CLANG_ENABLE_MODULES = YES;
				CLANG_ENABLE_OBJC_ARC = YES;
				CLANG_ENABLE_OBJC_WEAK = YES;
				CLANG_WARN_BLOCK_CAPTURE_AUTORELEASING = YES;
				CLANG_WARN_BOOL_CONVERSION = YES;
				CLANG_WARN_COMMA = YES;
				CLANG_WARN_CONSTANT_CONVERSION = YES;
				CLANG_WARN_DEPRECATED_OBJC_IMPLEMENTATIONS = YES;
				CLANG_WARN_DIRECT_OBJC_ISA_USAGE = YES_ERROR;
				CLANG_WARN_DOCUMENTATION_COMMENTS = YES;
				CLANG_WARN_EMPTY_BODY = YES;
				CLANG_WARN_ENUM_CONVERSION = YES;
				CLANG_WARN_INFINITE_RECURSION = YES;
				CLANG_WARN_INT_CONVERSION = YES;
				CLANG_WARN_NON_LITERAL_NULL_CONVERSION = YES;
				CLANG_WARN_OBJC_IMPLICIT_RETAIN_SELF = YES;
				CLANG_WARN_OBJC_LITERAL_CONVERSION = YES;
				CLANG_WARN_OBJC_ROOT_CLASS = YES_ERROR;
				CLANG_WARN_QUOTED_INCLUDE_IN_FRAMEWORK_HEADER = YES;
				CLANG_WARN_RANGE_LOOP_ANALYSIS = YES;
				CLANG_WARN_STRICT_PROTOTYPES = YES;
				CLANG_WARN_SUSPICIOUS_MOVE = YES;
				CLANG_WARN_UNGUARDED_AVAILABILITY = YES_AGGRESSIVE;
				CLANG_WARN_UNREACHABLE_CODE = YES;
				CLANG_WARN__DUPLICATE_METHOD_MATCH = YES;
				COPY_PHASE_STRIP = NO;
				DEBUG_INFORMATION_FORMAT = "dwarf-with-dsym";
				ENABLE_NS_ASSERTIONS = NO;
				ENABLE_STRICT_OBJC_MSGSEND = YES;
				ENABLE_USER_SCRIPT_SANDBOXING = YES;
				GCC_C_LANGUAGE_STANDARD = gnu17;
				GCC_NO_COMMON_BLOCKS = YES;
				GCC_WARN_64_TO_32_BIT_CONVERSION = YES;
				GCC_WARN_ABOUT_RETURN_TYPE = YES_ERROR;
				GCC_WARN_UNDECLARED_SELECTOR = YES;
				GCC_WARN_UNINITIALIZED_AUTOS = YES_AGGRESSIVE;
				GCC_WARN_UNUSED_FUNCTION = YES;
				GCC_WARN_UNUSED_VARIABLE = YES;
				IPHONEOS_DEPLOYMENT_TARGET = 18.0;
				LOCALIZATION_PREFERS_STRING_CATALOGS = YES;
				MTL_ENABLE_DEBUG_INFO = NO;
				MTL_FAST_MATH = YES;
				SDKROOT = iphoneos;
				SWIFT_COMPILATION_MODE = wholemodule;
				VALIDATE_PRODUCT = YES;
			};
			name = Release;
		};
		0017CB562CA6F8DB00E0522F /* Debug */ = {
			isa = XCBuildConfiguration;
			buildSettings = {
				BUNDLE_LOADER = "$(TEST_HOST)";
				CODE_SIGN_STYLE = Automatic;
				CURRENT_PROJECT_VERSION = 1;
				DEVELOPMENT_TEAM = F9N98X7P4L;
				GENERATE_INFOPLIST_FILE = YES;
				IPHONEOS_DEPLOYMENT_TARGET = 18.0;
				MARKETING_VERSION = 1.0;
				PRODUCT_BUNDLE_IDENTIFIER = com.xiaobingkj.APlusTests;
				PRODUCT_NAME = "$(TARGET_NAME)";
				SWIFT_EMIT_LOC_STRINGS = NO;
				SWIFT_VERSION = 5.0;
				TARGETED_DEVICE_FAMILY = "1,2";
				TEST_HOST = "$(BUILT_PRODUCTS_DIR)/APlus.app/$(BUNDLE_EXECUTABLE_FOLDER_PATH)/APlus";
			};
			name = Debug;
		};
		0017CB572CA6F8DB00E0522F /* Release */ = {
			isa = XCBuildConfiguration;
			buildSettings = {
				BUNDLE_LOADER = "$(TEST_HOST)";
				CODE_SIGN_STYLE = Automatic;
				CURRENT_PROJECT_VERSION = 1;
				DEVELOPMENT_TEAM = F9N98X7P4L;
				GENERATE_INFOPLIST_FILE = YES;
				IPHONEOS_DEPLOYMENT_TARGET = 18.0;
				MARKETING_VERSION = 1.0;
				PRODUCT_BUNDLE_IDENTIFIER = com.xiaobingkj.APlusTests;
				PRODUCT_NAME = "$(TARGET_NAME)";
				SWIFT_EMIT_LOC_STRINGS = NO;
				SWIFT_VERSION = 5.0;
				TARGETED_DEVICE_FAMILY = "1,2";
				TEST_HOST = "$(BUILT_PRODUCTS_DIR)/APlus.app/$(BUNDLE_EXECUTABLE_FOLDER_PATH)/APlus";
			};
			name = Release;
		};
		0017CB592CA6F8DB00E0522F /* Debug */ = {
			isa = XCBuildConfiguration;
			buildSettings = {
				CODE_SIGN_STYLE = Automatic;
				CURRENT_PROJECT_VERSION = 1;
				DEVELOPMENT_TEAM = F9N98X7P4L;
				GENERATE_INFOPLIST_FILE = YES;
				MARKETING_VERSION = 1.0;
				PRODUCT_BUNDLE_IDENTIFIER = com.xiaobingkj.APlusUITests;
				PRODUCT_NAME = "$(TARGET_NAME)";
				SWIFT_EMIT_LOC_STRINGS = NO;
				SWIFT_VERSION = 5.0;
				TARGETED_DEVICE_FAMILY = "1,2";
				TEST_TARGET_NAME = APlus;
			};
			name = Debug;
		};
		0017CB5A2CA6F8DB00E0522F /* Release */ = {
			isa = XCBuildConfiguration;
			buildSettings = {
				CODE_SIGN_STYLE = Automatic;
				CURRENT_PROJECT_VERSION = 1;
				DEVELOPMENT_TEAM = F9N98X7P4L;
				GENERATE_INFOPLIST_FILE = YES;
				MARKETING_VERSION = 1.0;
				PRODUCT_BUNDLE_IDENTIFIER = com.xiaobingkj.APlusUITests;
				PRODUCT_NAME = "$(TARGET_NAME)";
				SWIFT_EMIT_LOC_STRINGS = NO;
				SWIFT_VERSION = 5.0;
				TARGETED_DEVICE_FAMILY = "1,2";
				TEST_TARGET_NAME = APlus;
			};
			name = Release;
		};
/* End XCBuildConfiguration section */

/* Begin XCConfigurationList section */
		0017CB242CA6F8D900E0522F /* Build configuration list for PBXProject "APlus" */ = {
			isa = XCConfigurationList;
			buildConfigurations = (
				0017CB532CA6F8DB00E0522F /* Debug */,
				0017CB542CA6F8DB00E0522F /* Release */,
			);
			defaultConfigurationIsVisible = 0;
			defaultConfigurationName = Release;
		};
		0017CB502CA6F8DB00E0522F /* Build configuration list for PBXNativeTarget "APlus" */ = {
			isa = XCConfigurationList;
			buildConfigurations = (
				0017CB512CA6F8DB00E0522F /* Debug */,
				0017CB522CA6F8DB00E0522F /* Release */,
			);
			defaultConfigurationIsVisible = 0;
			defaultConfigurationName = Release;
		};
		0017CB552CA6F8DB00E0522F /* Build configuration list for PBXNativeTarget "APlusTests" */ = {
			isa = XCConfigurationList;
			buildConfigurations = (
				0017CB562CA6F8DB00E0522F /* Debug */,
				0017CB572CA6F8DB00E0522F /* Release */,
			);
			defaultConfigurationIsVisible = 0;
			defaultConfigurationName = Release;
		};
		0017CB582CA6F8DB00E0522F /* Build configuration list for PBXNativeTarget "APlusUITests" */ = {
			isa = XCConfigurationList;
			buildConfigurations = (
				0017CB592CA6F8DB00E0522F /* Debug */,
				0017CB5A2CA6F8DB00E0522F /* Release */,
			);
			defaultConfigurationIsVisible = 0;
			defaultConfigurationName = Release;
		};
/* End XCConfigurationList section */
	};
	rootObject = 0017CB212CA6F8D900E0522F /* Project object */;
}
